{
  "originHash" : "2260e5b34f730b85d465b0d12a4c411088a7da4cefc1ee88aeb99a591feaafe1",
  "pins" : [
    {
      "identity" : "swift-custom-dump",
      "kind" : "remoteSourceControl",
      "location" : "https://github.com/pointfreeco/swift-custom-dump",
      "state" : {
        "revision" : "82645ec760917961cfa08c9c0c7104a57a0fa4b1",
        "version" : "1.3.3"
      }
    },
    {
      "identity" : "swift-snapshot-testing",
      "kind" : "remoteSourceControl",
      "location" : "https://github.com/tdrhq/swift-snapshot-testing",
      "state" : {
        "revision" : "fdd95d89e1e1389435cc93bd4a8ddda4734a0aa2",
        "version" : "1.18.6-sb"
      }
    },
    {
      "identity" : "swift-syntax",
      "kind" : "remoteSourceControl",
      "location" : "https://github.com/swiftlang/swift-syntax",
      "state" : {
        "revision" : "f99ae8aa18f0cf0d53481901f88a0991dc3bd4a2",
        "version" : "601.0.1"
      }
    },
    {
      "identity" : "xctest-dynamic-overlay",
      "kind" : "remoteSourceControl",
      "location" : "https://github.com/pointfreeco/xctest-dynamic-overlay",
      "state" : {
        "revision" : "b2ed9eabefe56202ee4939dd9fc46b6241c88317",
        "version" : "1.6.1"
      }
    }
  ],
  "version" : 3
}
